
Microsoft Visual Studio Solution File, Format Version 12.00
# Visual Studio Version 17
VisualStudioVersion = 17.8.34330.188
MinimumVisualStudioVersion = 10.0.40219.1
Project("{FAE04EC0-301F-11D3-BF4B-00C04F79EFBC}") = "CatenaccioStore.API", "CatenaccioStore.API\CatenaccioStore.API.csproj", "{FC2FD84D-6B4C-4397-8C40-0D46F7F3E2F4}"
EndProject
Project("{FAE04EC0-301F-11D3-BF4B-00C04F79EFBC}") = "CatenaccioStore.Core", "CatenaccioStore.Core\CatenaccioStore.Core.csproj", "{F7D2B2A6-466E-4240-B87D-9972133510D1}"
EndProject
Project("{FAE04EC0-301F-11D3-BF4B-00C04F79EFBC}") = "CatenaccioStore.Infrastructure", "CatenaccioStore.Infrastructure\CatenaccioStore.Infrastructure.csproj", "{91C9D64A-F76E-4550-B558-249BB9CE5595}"
EndProject
Global
	GlobalSection(SolutionConfigurationPlatforms) = preSolution
		Debug|Any CPU = Debug|Any CPU
		Release|Any CPU = Release|Any CPU
	EndGlobalSection
	GlobalSection(ProjectConfigurationPlatforms) = postSolution
		{FC2FD84D-6B4C-4397-8C40-0D46F7F3E2F4}.Debug|Any CPU.ActiveCfg = Debug|Any CPU
		{FC2FD84D-6B4C-4397-8C40-0D46F7F3E2F4}.Debug|Any CPU.Build.0 = Debug|Any CPU
		{FC2FD84D-6B4C-4397-8C40-0D46F7F3E2F4}.Release|Any CPU.ActiveCfg = Release|Any CPU
		{FC2FD84D-6B4C-4397-8C40-0D46F7F3E2F4}.Release|Any CPU.Build.0 = Release|Any CPU
		{F7D2B2A6-466E-4240-B87D-9972133510D1}.Debug|Any CPU.ActiveCfg = Debug|Any CPU
		{F7D2B2A6-466E-4240-B87D-9972133510D1}.Debug|Any CPU.Build.0 = Debug|Any CPU
		{F7D2B2A6-466E-4240-B87D-9972133510D1}.Release|Any CPU.ActiveCfg = Release|Any CPU
		{F7D2B2A6-466E-4240-B87D-9972133510D1}.Release|Any CPU.Build.0 = Release|Any CPU
		{91C9D64A-F76E-4550-B558-249BB9CE5595}.Debug|Any CPU.ActiveCfg = Debug|Any CPU
		{91C9D64A-F76E-4550-B558-249BB9CE5595}.Debug|Any CPU.Build.0 = Debug|Any CPU
		{91C9D64A-F76E-4550-B558-249BB9CE5595}.Release|Any CPU.ActiveCfg = Release|Any CPU
		{91C9D64A-F76E-4550-B558-249BB9CE5595}.Release|Any CPU.Build.0 = Release|Any CPU
	EndGlobalSection
	GlobalSection(SolutionProperties) = preSolution
		HideSolutionNode = FALSE
	EndGlobalSection
	GlobalSection(ExtensibilityGlobals) = postSolution
		SolutionGuid = {ACAEDF03-41C2-4E80-A628-3F1A3230C04B}
	EndGlobalSection
EndGlobal
